# This file is automatically @generated by Cargo.
# It is not intended for manual editing.
version = 4

[[package]]
name = "epiphany-api"
version = "0.0.0"
dependencies = [
 "epiphany-calc",
 "epiphany-core",
 "epiphany-flow",
 "epiphany-mdx",
 "epiphany-persist",
 "epiphany-security",
]

[[package]]
name = "epiphany-calc"
version = "0.0.0"
dependencies = [
 "epiphany-core",
]

[[package]]
name = "epiphany-core"
version = "0.0.0"
dependencies = [
 "epiphany-determinism",
]

[[package]]
name = "epiphany-determinism"
version = "0.0.0"

[[package]]
name = "epiphany-flow"
version = "0.0.0"
dependencies = [
 "epiphany-core",
 "epiphany-determinism",
]

[[package]]
name = "epiphany-mdx"
version = "0.0.0"
dependencies = [
 "epiphany-core",
]

[[package]]
name = "epiphany-persist"
version = "0.0.0"
dependencies = [
 "epiphany-core",
 "epiphany-determinism",
]

[[package]]
name = "epiphany-security"
version = "0.0.0"
dependencies = [
 "epiphany-core",
]

[[package]]
name = "epiphany-server"
version = "0.0.0"
dependencies = [
 "epiphany-api",
 "epiphany-determinism",
]
